PODS:
  - Kingfisher (5.13.3):
    - Kingfisher/Core (= 5.13.3)
  - Kingfisher/Core (5.13.3)
  - Siesta (1.5.0):
    - Siesta/Core (= 1.5.0)
  - Siesta/Core (1.5.0)
  - Siesta/UI (1.5.0):
    - Siesta/Core
  - SwiftyJSON (4.3.0)

DEPENDENCIES:
  - Kingfisher
  - Siesta (~> 1.0)
  - Siesta/UI (~> 1.0)
  - SwiftyJSON (~> 4.0)

SPEC REPOS:
  trunk:
    - Kingfisher
    - Siesta
    - SwiftyJSON

SPEC CHECKSUMS:
  Kingfisher: d2b3d6a7200c93b34de9afcdf25c8dd9282ec277
  Siesta: c3a5cd60919adabc73b2788c79b7a5c462d8c35a
  SwiftyJSON: 6faa0040f8b59dead0ee07436cbf76b73c08fd08

PODFILE CHECKSUM: 8da0793664ebdefe5fb99c8acfc3ce7c468d1705

COCOAPODS: 1.8.4
