// !$*UTF8*$!
{
	archiveVersion = 1;
	classes = {
	};
	objectVersion = 51;
	objects = {

/* Begin PBXBuildFile section */
		760FE4BF91DC378D93575EE3 /* Pods_Binge.framework in Frameworks */ = {isa = PBXBuildFile; fileRef = 77D51647D15EDE6AB478AA69 /* Pods_Binge.framework */; };
		BAC61661235A4A47006F6752 /* Util.swift in Sources */ = {isa = PBXBuildFile; fileRef = BAC61660235A4A47006F6752 /* Util.swift */; };
		BAE7D9572347B2760031683D /* ProviderTableViewCell.swift in Sources */ = {isa = PBXBuildFile; fileRef = BAE7D9562347B2760031683D /* ProviderTableViewCell.swift */; };
		BAE7D9592347B2980031683D /* ProviderViewController.swift in Sources */ = {isa = PBXBuildFile; fileRef = BAE7D9582347B2980031683D /* ProviderViewController.swift */; };
		BAE7D97B2347E7D00031683D /* SceneDelegate.swift in Sources */ = {isa = PBXBuildFile; fileRef = BAE7D97A2347E7D00031683D /* SceneDelegate.swift */; };
		BAE935492343F60E008FC1CE /* AppDelegate.swift in Sources */ = {isa = PBXBuildFile; fileRef = BAE935482343F60E008FC1CE /* AppDelegate.swift */; };
		BAE935502343F60E008FC1CE /* Main.storyboard in Resources */ = {isa = PBXBuildFile; fileRef = BAE9354E2343F60E008FC1CE /* Main.storyboard */; };
		BAE935522343F611008FC1CE /* Assets.xcassets in Resources */ = {isa = PBXBuildFile; fileRef = BAE935512343F611008FC1CE /* Assets.xcassets */; };
		BAE935552343F611008FC1CE /* LaunchScreen.storyboard in Resources */ = {isa = PBXBuildFile; fileRef = BAE935532343F611008FC1CE /* LaunchScreen.storyboard */; };
		BAE935602343FE58008FC1CE /* TvShowTableViewCell.swift in Sources */ = {isa = PBXBuildFile; fileRef = BAE9355F2343FE58008FC1CE /* TvShowTableViewCell.swift */; };
		BAE935642343FEF4008FC1CE /* TrendingViewController.swift in Sources */ = {isa = PBXBuildFile; fileRef = BAE935632343FEF4008FC1CE /* TrendingViewController.swift */; };
		BAE9356623440322008FC1CE /* TheMovieDatabaseAPI.swift in Sources */ = {isa = PBXBuildFile; fileRef = BAE9356523440322008FC1CE /* TheMovieDatabaseAPI.swift */; };
		BAE935682344049F008FC1CE /* TrendingShowsModel.swift in Sources */ = {isa = PBXBuildFile; fileRef = BAE935672344049F008FC1CE /* TrendingShowsModel.swift */; };
		BAE9356A234540A5008FC1CE /* SearchShowViewController.swift in Sources */ = {isa = PBXBuildFile; fileRef = BAE93569234540A5008FC1CE /* SearchShowViewController.swift */; };
		BAE9356C234543EE008FC1CE /* ShowSearchModel.swift in Sources */ = {isa = PBXBuildFile; fileRef = BAE9356B234543EE008FC1CE /* ShowSearchModel.swift */; };
		BAE9356E23465682008FC1CE /* SeasonCollectionViewCell.swift in Sources */ = {isa = PBXBuildFile; fileRef = BAE9356D23465682008FC1CE /* SeasonCollectionViewCell.swift */; };
		BAE9357023465998008FC1CE /* ShowViewController.swift in Sources */ = {isa = PBXBuildFile; fileRef = BAE9356F23465998008FC1CE /* ShowViewController.swift */; };
		BAE9357223465ECF008FC1CE /* TvShowModel.swift in Sources */ = {isa = PBXBuildFile; fileRef = BAE9357123465ECF008FC1CE /* TvShowModel.swift */; };
		BAE9357423469584008FC1CE /* SeasonModel.swift in Sources */ = {isa = PBXBuildFile; fileRef = BAE9357323469584008FC1CE /* SeasonModel.swift */; };
		BAE9357623469AC7008FC1CE /* SeasonInfoViewController.swift in Sources */ = {isa = PBXBuildFile; fileRef = BAE9357523469AC7008FC1CE /* SeasonInfoViewController.swift */; };
		BAE935782346A1D3008FC1CE /* EpisodeTableViewCell.swift in Sources */ = {isa = PBXBuildFile; fileRef = BAE935772346A1D3008FC1CE /* EpisodeTableViewCell.swift */; };
		BAE9357D234719CC008FC1CE /* ShowJWModel.swift in Sources */ = {isa = PBXBuildFile; fileRef = BAE9357C234719CC008FC1CE /* ShowJWModel.swift */; };
/* End PBXBuildFile section */

/* Begin PBXFileReference section */
		77D51647D15EDE6AB478AA69 /* Pods_Binge.framework */ = {isa = PBXFileReference; explicitFileType = wrapper.framework; includeInIndex = 0; path = Pods_Binge.framework; sourceTree = BUILT_PRODUCTS_DIR; };
		AA2E0763085CBA5783188D1F /* Pods-Binge.release.xcconfig */ = {isa = PBXFileReference; includeInIndex = 1; lastKnownFileType = text.xcconfig; name = "Pods-Binge.release.xcconfig"; path = "Pods/Target Support Files/Pods-Binge/Pods-Binge.release.xcconfig"; sourceTree = "<group>"; };
		BAC61660235A4A47006F6752 /* Util.swift */ = {isa = PBXFileReference; lastKnownFileType = sourcecode.swift; path = Util.swift; sourceTree = "<group>"; };
		BAE7D9562347B2760031683D /* ProviderTableViewCell.swift */ = {isa = PBXFileReference; lastKnownFileType = sourcecode.swift; path = ProviderTableViewCell.swift; sourceTree = "<group>"; };
		BAE7D9582347B2980031683D /* ProviderViewController.swift */ = {isa = PBXFileReference; lastKnownFileType = sourcecode.swift; path = ProviderViewController.swift; sourceTree = "<group>"; };
		BAE7D97A2347E7D00031683D /* SceneDelegate.swift */ = {isa = PBXFileReference; lastKnownFileType = sourcecode.swift; path = SceneDelegate.swift; sourceTree = "<group>"; };
		BAE935452343F60E008FC1CE /* Binge.app */ = {isa = PBXFileReference; explicitFileType = wrapper.application; includeInIndex = 0; path = Binge.app; sourceTree = BUILT_PRODUCTS_DIR; };
		BAE935482343F60E008FC1CE /* AppDelegate.swift */ = {isa = PBXFileReference; lastKnownFileType = sourcecode.swift; path = AppDelegate.swift; sourceTree = "<group>"; };
		BAE9354F2343F60E008FC1CE /* Base */ = {isa = PBXFileReference; lastKnownFileType = file.storyboard; name = Base; path = Base.lproj/Main.storyboard; sourceTree = "<group>"; };
		BAE935512343F611008FC1CE /* Assets.xcassets */ = {isa = PBXFileReference; lastKnownFileType = folder.assetcatalog; path = Assets.xcassets; sourceTree = "<group>"; };
		BAE935542343F611008FC1CE /* Base */ = {isa = PBXFileReference; lastKnownFileType = file.storyboard; name = Base; path = Base.lproj/LaunchScreen.storyboard; sourceTree = "<group>"; };
		BAE935562343F611008FC1CE /* Info.plist */ = {isa = PBXFileReference; lastKnownFileType = text.plist.xml; path = Info.plist; sourceTree = "<group>"; };
		BAE9355F2343FE58008FC1CE /* TvShowTableViewCell.swift */ = {isa = PBXFileReference; lastKnownFileType = sourcecode.swift; path = TvShowTableViewCell.swift; sourceTree = "<group>"; };
		BAE935632343FEF4008FC1CE /* TrendingViewController.swift */ = {isa = PBXFileReference; lastKnownFileType = sourcecode.swift; path = TrendingViewController.swift; sourceTree = "<group>"; };
		BAE9356523440322008FC1CE /* TheMovieDatabaseAPI.swift */ = {isa = PBXFileReference; lastKnownFileType = sourcecode.swift; path = TheMovieDatabaseAPI.swift; sourceTree = "<group>"; };
		BAE935672344049F008FC1CE /* TrendingShowsModel.swift */ = {isa = PBXFileReference; lastKnownFileType = sourcecode.swift; path = TrendingShowsModel.swift; sourceTree = "<group>"; };
		BAE93569234540A5008FC1CE /* SearchShowViewController.swift */ = {isa = PBXFileReference; lastKnownFileType = sourcecode.swift; path = SearchShowViewController.swift; sourceTree = "<group>"; };
		BAE9356B234543EE008FC1CE /* ShowSearchModel.swift */ = {isa = PBXFileReference; lastKnownFileType = sourcecode.swift; path = ShowSearchModel.swift; sourceTree = "<group>"; };
		BAE9356D23465682008FC1CE /* SeasonCollectionViewCell.swift */ = {isa = PBXFileReference; lastKnownFileType = sourcecode.swift; path = SeasonCollectionViewCell.swift; sourceTree = "<group>"; };
		BAE9356F23465998008FC1CE /* ShowViewController.swift */ = {isa = PBXFileReference; lastKnownFileType = sourcecode.swift; path = ShowViewController.swift; sourceTree = "<group>"; };
		BAE9357123465ECF008FC1CE /* TvShowModel.swift */ = {isa = PBXFileReference; lastKnownFileType = sourcecode.swift; path = TvShowModel.swift; sourceTree = "<group>"; };
		BAE9357323469584008FC1CE /* SeasonModel.swift */ = {isa = PBXFileReference; lastKnownFileType = sourcecode.swift; path = SeasonModel.swift; sourceTree = "<group>"; };
		BAE9357523469AC7008FC1CE /* SeasonInfoViewController.swift */ = {isa = PBXFileReference; lastKnownFileType = sourcecode.swift; path = SeasonInfoViewController.swift; sourceTree = "<group>"; };
		BAE935772346A1D3008FC1CE /* EpisodeTableViewCell.swift */ = {isa = PBXFileReference; lastKnownFileType = sourcecode.swift; path = EpisodeTableViewCell.swift; sourceTree = "<group>"; };
		BAE9357C234719CC008FC1CE /* ShowJWModel.swift */ = {isa = PBXFileReference; lastKnownFileType = sourcecode.swift; path = ShowJWModel.swift; sourceTree = "<group>"; };
		D4F3EE0BE2798D851CDCFB8C /* Pods-Binge.debug.xcconfig */ = {isa = PBXFileReference; includeInIndex = 1; lastKnownFileType = text.xcconfig; name = "Pods-Binge.debug.xcconfig"; path = "Pods/Target Support Files/Pods-Binge/Pods-Binge.debug.xcconfig"; sourceTree = "<group>"; };
/* End PBXFileReference section */

/* Begin PBXFrameworksBuildPhase section */
		BAE935422343F60E008FC1CE /* Frameworks */ = {
			isa = PBXFrameworksBuildPhase;
			buildActionMask = 2147483647;
			files = (
				760FE4BF91DC378D93575EE3 /* Pods_Binge.framework in Frameworks */,
			);
			runOnlyForDeploymentPostprocessing = 0;
		};
/* End PBXFrameworksBuildPhase section */

/* Begin PBXGroup section */
		BAE9353C2343F60E008FC1CE = {
			isa = PBXGroup;
			children = (
				BAE935472343F60E008FC1CE /* Binge */,
				BAE935462343F60E008FC1CE /* Products */,
				F1E7FBF52920E3FADF3AABF2 /* Pods */,
				C488C4E3CE98F440CEE8EE10 /* Frameworks */,
			);
			sourceTree = "<group>";
		};
		BAE935462343F60E008FC1CE /* Products */ = {
			isa = PBXGroup;
			children = (
				BAE935452343F60E008FC1CE /* Binge.app */,
			);
			name = Products;
			sourceTree = "<group>";
		};
		BAE935472343F60E008FC1CE /* Binge */ = {
			isa = PBXGroup;
			children = (
				BAE9355E2343FE1D008FC1CE /* Controller */,
				BAE9355D2343FE14008FC1CE /* Views */,
				BAE9355C2343FE06008FC1CE /* Models */,
				BAE935482343F60E008FC1CE /* AppDelegate.swift */,
				BAE7D97A2347E7D00031683D /* SceneDelegate.swift */,
				BAE9354E2343F60E008FC1CE /* Main.storyboard */,
				BAE935512343F611008FC1CE /* Assets.xcassets */,
				BAE935532343F611008FC1CE /* LaunchScreen.storyboard */,
				BAE935562343F611008FC1CE /* Info.plist */,
			);
			path = Binge;
			sourceTree = "<group>";
		};
		BAE9355C2343FE06008FC1CE /* Models */ = {
			isa = PBXGroup;
			children = (
				BAE935672344049F008FC1CE /* TrendingShowsModel.swift */,
				BAE9356B234543EE008FC1CE /* ShowSearchModel.swift */,
				BAE9357123465ECF008FC1CE /* TvShowModel.swift */,
				BAE9357323469584008FC1CE /* SeasonModel.swift */,
				BAE9357C234719CC008FC1CE /* ShowJWModel.swift */,
			);
			path = Models;
			sourceTree = "<group>";
		};
		BAE9355D2343FE14008FC1CE /* Views */ = {
			isa = PBXGroup;
			children = (
				BAE9355F2343FE58008FC1CE /* TvShowTableViewCell.swift */,
				BAE9356D23465682008FC1CE /* SeasonCollectionViewCell.swift */,
				BAE935772346A1D3008FC1CE /* EpisodeTableViewCell.swift */,
				BAE7D9562347B2760031683D /* ProviderTableViewCell.swift */,
			);
			path = Views;
			sourceTree = "<group>";
		};
		BAE9355E2343FE1D008FC1CE /* Controller */ = {
			isa = PBXGroup;
			children = (
				BAC61660235A4A47006F6752 /* Util.swift */,
				BAE935632343FEF4008FC1CE /* TrendingViewController.swift */,
				BAE9356523440322008FC1CE /* TheMovieDatabaseAPI.swift */,
				BAE93569234540A5008FC1CE /* SearchShowViewController.swift */,
				BAE9356F23465998008FC1CE /* ShowViewController.swift */,
				BAE9357523469AC7008FC1CE /* SeasonInfoViewController.swift */,
				BAE7D9582347B2980031683D /* ProviderViewController.swift */,
			);
			path = Controller;
			sourceTree = "<group>";
		};
		C488C4E3CE98F440CEE8EE10 /* Frameworks */ = {
			isa = PBXGroup;
			children = (
				77D51647D15EDE6AB478AA69 /* Pods_Binge.framework */,
			);
			name = Frameworks;
			sourceTree = "<group>";
		};
		F1E7FBF52920E3FADF3AABF2 /* Pods */ = {
			isa = PBXGroup;
			children = (
				D4F3EE0BE2798D851CDCFB8C /* Pods-Binge.debug.xcconfig */,
				AA2E0763085CBA5783188D1F /* Pods-Binge.release.xcconfig */,
			);
			name = Pods;
			sourceTree = "<group>";
		};
/* End PBXGroup section */

/* Begin PBXNativeTarget section */
		BAE935442343F60E008FC1CE /* Binge */ = {
			isa = PBXNativeTarget;
			buildConfigurationList = BAE935592343F611008FC1CE /* Build configuration list for PBXNativeTarget "Binge" */;
			buildPhases = (
				FD66329E7DC6A5DD4DE2645D /* [CP] Check Pods Manifest.lock */,
				BAE935412343F60E008FC1CE /* Sources */,
				BAE935422343F60E008FC1CE /* Frameworks */,
				BAE935432343F60E008FC1CE /* Resources */,
				217E3FC3967414ADF07731A4 /* [CP] Embed Pods Frameworks */,
			);
			buildRules = (
			);
			dependencies = (
			);
			name = Binge;
			productName = Binge;
			productReference = BAE935452343F60E008FC1CE /* Binge.app */;
			productType = "com.apple.product-type.application";
		};
/* End PBXNativeTarget section */

/* Begin PBXProject section */
		BAE9353D2343F60E008FC1CE /* Project object */ = {
			isa = PBXProject;
			attributes = {
				LastSwiftUpdateCheck = 1100;
				LastUpgradeCheck = 1100;
				ORGANIZATIONNAME = "Tanaka Mazivanhanga";
				TargetAttributes = {
					BAE935442343F60E008FC1CE = {
						CreatedOnToolsVersion = 11.0;
					};
				};
			};
			buildConfigurationList = BAE935402343F60E008FC1CE /* Build configuration list for PBXProject "Binge" */;
			compatibilityVersion = "Xcode 9.3";
			developmentRegion = en;
			hasScannedForEncodings = 0;
			knownRegions = (
				en,
				Base,
			);
			mainGroup = BAE9353C2343F60E008FC1CE;
			productRefGroup = BAE935462343F60E008FC1CE /* Products */;
			projectDirPath = "";
			projectRoot = "";
			targets = (
				BAE935442343F60E008FC1CE /* Binge */,
			);
		};
/* End PBXProject section */

/* Begin PBXResourcesBuildPhase section */
		BAE935432343F60E008FC1CE /* Resources */ = {
			isa = PBXResourcesBuildPhase;
			buildActionMask = 2147483647;
			files = (
				BAE935552343F611008FC1CE /* LaunchScreen.storyboard in Resources */,
				BAE935522343F611008FC1CE /* Assets.xcassets in Resources */,
				BAE935502343F60E008FC1CE /* Main.storyboard in Resources */,
			);
			runOnlyForDeploymentPostprocessing = 0;
		};
/* End PBXResourcesBuildPhase section */

/* Begin PBXShellScriptBuildPhase section */
		217E3FC3967414ADF07731A4 /* [CP] Embed Pods Frameworks */ = {
			isa = PBXShellScriptBuildPhase;
			buildActionMask = 2147483647;
			files = (
			);
			inputFileListPaths = (
				"${PODS_ROOT}/Target Support Files/Pods-Binge/Pods-Binge-frameworks-${CONFIGURATION}-input-files.xcfilelist",
			);
			name = "[CP] Embed Pods Frameworks";
			outputFileListPaths = (
				"${PODS_ROOT}/Target Support Files/Pods-Binge/Pods-Binge-frameworks-${CONFIGURATION}-output-files.xcfilelist",
			);
			runOnlyForDeploymentPostprocessing = 0;
			shellPath = /bin/sh;
			shellScript = "\"${PODS_ROOT}/Target Support Files/Pods-Binge/Pods-Binge-frameworks.sh\"\n";
			showEnvVarsInLog = 0;
		};
		FD66329E7DC6A5DD4DE2645D /* [CP] Check Pods Manifest.lock */ = {
			isa = PBXShellScriptBuildPhase;
			buildActionMask = 2147483647;
			files = (
			);
			inputPaths = (
				"${PODS_PODFILE_DIR_PATH}/Podfile.lock",
				"${PODS_ROOT}/Manifest.lock",
			);
			name = "[CP] Check Pods Manifest.lock";
			outputPaths = (
				"$(DERIVED_FILE_DIR)/Pods-Binge-checkManifestLockResult.txt",
			);
			runOnlyForDeploymentPostprocessing = 0;
			shellPath = /bin/sh;
			shellScript = "diff \"${PODS_PODFILE_DIR_PATH}/Podfile.lock\" \"${PODS_ROOT}/Manifest.lock\" > /dev/null\nif [ $? != 0 ] ; then\n    # print error to STDERR\n    echo \"error: The sandbox is not in sync with the Podfile.lock. Run 'pod install' or update your CocoaPods installation.\" >&2\n    exit 1\nfi\n# This output is used by Xcode 'outputs' to avoid re-running this script phase.\necho \"SUCCESS\" > \"${SCRIPT_OUTPUT_FILE_0}\"\n";
			showEnvVarsInLog = 0;
		};
/* End PBXShellScriptBuildPhase section */

/* Begin PBXSourcesBuildPhase section */
		BAE935412343F60E008FC1CE /* Sources */ = {
			isa = PBXSourcesBuildPhase;
			buildActionMask = 2147483647;
			files = (
				BAE9357623469AC7008FC1CE /* SeasonInfoViewController.swift in Sources */,
				BAC61661235A4A47006F6752 /* Util.swift in Sources */,
				BAE935782346A1D3008FC1CE /* EpisodeTableViewCell.swift in Sources */,
				BAE9356C234543EE008FC1CE /* ShowSearchModel.swift in Sources */,
				BAE935492343F60E008FC1CE /* AppDelegate.swift in Sources */,
				BAE7D9572347B2760031683D /* ProviderTableViewCell.swift in Sources */,
				BAE9357423469584008FC1CE /* SeasonModel.swift in Sources */,
				BAE935682344049F008FC1CE /* TrendingShowsModel.swift in Sources */,
				BAE7D97B2347E7D00031683D /* SceneDelegate.swift in Sources */,
				BAE9356623440322008FC1CE /* TheMovieDatabaseAPI.swift in Sources */,
				BAE9356A234540A5008FC1CE /* SearchShowViewController.swift in Sources */,
				BAE9357023465998008FC1CE /* ShowViewController.swift in Sources */,
				BAE9357223465ECF008FC1CE /* TvShowModel.swift in Sources */,
				BAE9357D234719CC008FC1CE /* ShowJWModel.swift in Sources */,
				BAE9356E23465682008FC1CE /* SeasonCollectionViewCell.swift in Sources */,
				BAE935642343FEF4008FC1CE /* TrendingViewController.swift in Sources */,
				BAE7D9592347B2980031683D /* ProviderViewController.swift in Sources */,
				BAE935602343FE58008FC1CE /* TvShowTableViewCell.swift in Sources */,
			);
			runOnlyForDeploymentPostprocessing = 0;
		};
/* End PBXSourcesBuildPhase section */

/* Begin PBXVariantGroup section */
		BAE9354E2343F60E008FC1CE /* Main.storyboard */ = {
			isa = PBXVariantGroup;
			children = (
				BAE9354F2343F60E008FC1CE /* Base */,
			);
			name = Main.storyboard;
			sourceTree = "<group>";
		};
		BAE935532343F611008FC1CE /* LaunchScreen.storyboard */ = {
			isa = PBXVariantGroup;
			children = (
				BAE935542343F611008FC1CE /* Base */,
			);
			name = LaunchScreen.storyboard;
			sourceTree = "<group>";
		};
/* End PBXVariantGroup section */

/* Begin XCBuildConfiguration section */
		BAE935572343F611008FC1CE /* Debug */ = {
			isa = XCBuildConfiguration;
			buildSettings = {
				ALWAYS_SEARCH_USER_PATHS = NO;
				CLANG_ANALYZER_NONNULL = YES;
				CLANG_ANALYZER_NUMBER_OBJECT_CONVERSION = YES_AGGRESSIVE;
				CLANG_CXX_LANGUAGE_STANDARD = "gnu++14";
				CLANG_CXX_LIBRARY = "libc++";
				CLANG_ENABLE_MODULES = YES;
				CLANG_ENABLE_OBJC_ARC = YES;
				CLANG_ENABLE_OBJC_WEAK = YES;
				CLANG_WARN_BLOCK_CAPTURE_AUTORELEASING = YES;
				CLANG_WARN_BOOL_CONVERSION = YES;
				CLANG_WARN_COMMA = YES;
				CLANG_WARN_CONSTANT_CONVERSION = YES;
				CLANG_WARN_DEPRECATED_OBJC_IMPLEMENTATIONS = YES;
				CLANG_WARN_DIRECT_OBJC_ISA_USAGE = YES_ERROR;
				CLANG_WARN_DOCUMENTATION_COMMENTS = YES;
				CLANG_WARN_EMPTY_BODY = YES;
				CLANG_WARN_ENUM_CONVERSION = YES;
				CLANG_WARN_INFINITE_RECURSION = YES;
				CLANG_WARN_INT_CONVERSION = YES;
				CLANG_WARN_NON_LITERAL_NULL_CONVERSION = YES;
				CLANG_WARN_OBJC_IMPLICIT_RETAIN_SELF = YES;
				CLANG_WARN_OBJC_LITERAL_CONVERSION = YES;
				CLANG_WARN_OBJC_ROOT_CLASS = YES_ERROR;
				CLANG_WARN_RANGE_LOOP_ANALYSIS = YES;
				CLANG_WARN_STRICT_PROTOTYPES = YES;
				CLANG_WARN_SUSPICIOUS_MOVE = YES;
				CLANG_WARN_UNGUARDED_AVAILABILITY = YES_AGGRESSIVE;
				CLANG_WARN_UNREACHABLE_CODE = YES;
				CLANG_WARN__DUPLICATE_METHOD_MATCH = YES;
				COPY_PHASE_STRIP = NO;
				DEBUG_INFORMATION_FORMAT = dwarf;
				ENABLE_STRICT_OBJC_MSGSEND = YES;
				ENABLE_TESTABILITY = YES;
				GCC_C_LANGUAGE_STANDARD = gnu11;
				GCC_DYNAMIC_NO_PIC = NO;
				GCC_NO_COMMON_BLOCKS = YES;
				GCC_OPTIMIZATION_LEVEL = 0;
				GCC_PREPROCESSOR_DEFINITIONS = (
					"DEBUG=1",
					"$(inherited)",
				);
				GCC_WARN_64_TO_32_BIT_CONVERSION = YES;
				GCC_WARN_ABOUT_RETURN_TYPE = YES_ERROR;
				GCC_WARN_UNDECLARED_SELECTOR = YES;
				GCC_WARN_UNINITIALIZED_AUTOS = YES_AGGRESSIVE;
				GCC_WARN_UNUSED_FUNCTION = YES;
				GCC_WARN_UNUSED_VARIABLE = YES;
				IPHONEOS_DEPLOYMENT_TARGET = 13.0;
				MTL_ENABLE_DEBUG_INFO = INCLUDE_SOURCE;
				MTL_FAST_MATH = YES;
				ONLY_ACTIVE_ARCH = YES;
				SDKROOT = iphoneos;
				SWIFT_ACTIVE_COMPILATION_CONDITIONS = DEBUG;
				SWIFT_OPTIMIZATION_LEVEL = "-Onone";
			};
			name = Debug;
		};
		BAE935582343F611008FC1CE /* Release */ = {
			isa = XCBuildConfiguration;
			buildSettings = {
				ALWAYS_SEARCH_USER_PATHS = NO;
				CLANG_ANALYZER_NONNULL = YES;
				CLANG_ANALYZER_NUMBER_OBJECT_CONVERSION = YES_AGGRESSIVE;
				CLANG_CXX_LANGUAGE_STANDARD = "gnu++14";
				CLANG_CXX_LIBRARY = "libc++";
				CLANG_ENABLE_MODULES = YES;
				CLANG_ENABLE_OBJC_ARC = YES;
				CLANG_ENABLE_OBJC_WEAK = YES;
				CLANG_WARN_BLOCK_CAPTURE_AUTORELEASING = YES;
				CLANG_WARN_BOOL_CONVERSION = YES;
				CLANG_WARN_COMMA = YES;
				CLANG_WARN_CONSTANT_CONVERSION = YES;
				CLANG_WARN_DEPRECATED_OBJC_IMPLEMENTATIONS = YES;
				CLANG_WARN_DIRECT_OBJC_ISA_USAGE = YES_ERROR;
				CLANG_WARN_DOCUMENTATION_COMMENTS = YES;
				CLANG_WARN_EMPTY_BODY = YES;
				CLANG_WARN_ENUM_CONVERSION = YES;
				CLANG_WARN_INFINITE_RECURSION = YES;
				CLANG_WARN_INT_CONVERSION = YES;
				CLANG_WARN_NON_LITERAL_NULL_CONVERSION = YES;
				CLANG_WARN_OBJC_IMPLICIT_RETAIN_SELF = YES;
				CLANG_WARN_OBJC_LITERAL_CONVERSION = YES;
				CLANG_WARN_OBJC_ROOT_CLASS = YES_ERROR;
				CLANG_WARN_RANGE_LOOP_ANALYSIS = YES;
				CLANG_WARN_STRICT_PROTOTYPES = YES;
				CLANG_WARN_SUSPICIOUS_MOVE = YES;
				CLANG_WARN_UNGUARDED_AVAILABILITY = YES_AGGRESSIVE;
				CLANG_WARN_UNREACHABLE_CODE = YES;
				CLANG_WARN__DUPLICATE_METHOD_MATCH = YES;
				COPY_PHASE_STRIP = NO;
				DEBUG_INFORMATION_FORMAT = "dwarf-with-dsym";
				ENABLE_NS_ASSERTIONS = NO;
				ENABLE_STRICT_OBJC_MSGSEND = YES;
				GCC_C_LANGUAGE_STANDARD = gnu11;
				GCC_NO_COMMON_BLOCKS = YES;
				GCC_WARN_64_TO_32_BIT_CONVERSION = YES;
				GCC_WARN_ABOUT_RETURN_TYPE = YES_ERROR;
				GCC_WARN_UNDECLARED_SELECTOR = YES;
				GCC_WARN_UNINITIALIZED_AUTOS = YES_AGGRESSIVE;
				GCC_WARN_UNUSED_FUNCTION = YES;
				GCC_WARN_UNUSED_VARIABLE = YES;
				IPHONEOS_DEPLOYMENT_TARGET = 13.0;
				MTL_ENABLE_DEBUG_INFO = NO;
				MTL_FAST_MATH = YES;
				SDKROOT = iphoneos;
				SWIFT_COMPILATION_MODE = wholemodule;
				SWIFT_OPTIMIZATION_LEVEL = "-O";
				VALIDATE_PRODUCT = YES;
			};
			name = Release;
		};
		BAE9355A2343F611008FC1CE /* Debug */ = {
			isa = XCBuildConfiguration;
			baseConfigurationReference = D4F3EE0BE2798D851CDCFB8C /* Pods-Binge.debug.xcconfig */;
			buildSettings = {
				ASSETCATALOG_COMPILER_APPICON_NAME = AppIcon;
				CODE_SIGN_STYLE = Automatic;
				DEVELOPMENT_TEAM = J3NVQ5AFC2;
				INFOPLIST_FILE = Binge/Info.plist;
				IPHONEOS_DEPLOYMENT_TARGET = 12.1;
				LD_RUNPATH_SEARCH_PATHS = (
					"$(inherited)",
					"@executable_path/Frameworks",
					"$(TOOLCHAIN_DIR)",
				);
				PRODUCT_BUNDLE_IDENTIFIER = com.tanakamazivanhanga.Binge;
				PRODUCT_NAME = "$(TARGET_NAME)";
				SWIFT_VERSION = 5.0;
				TARGETED_DEVICE_FAMILY = 1;
			};
			name = Debug;
		};
		BAE9355B2343F611008FC1CE /* Release */ = {
			isa = XCBuildConfiguration;
			baseConfigurationReference = AA2E0763085CBA5783188D1F /* Pods-Binge.release.xcconfig */;
			buildSettings = {
				ASSETCATALOG_COMPILER_APPICON_NAME = AppIcon;
				CODE_SIGN_STYLE = Automatic;
				DEVELOPMENT_TEAM = J3NVQ5AFC2;
				INFOPLIST_FILE = Binge/Info.plist;
				IPHONEOS_DEPLOYMENT_TARGET = 12.1;
				LD_RUNPATH_SEARCH_PATHS = (
					"$(inherited)",
					"@executable_path/Frameworks",
					"$(TOOLCHAIN_DIR)",
				);
				PRODUCT_BUNDLE_IDENTIFIER = com.tanakamazivanhanga.Binge;
				PRODUCT_NAME = "$(TARGET_NAME)";
				SWIFT_VERSION = 5.0;
				TARGETED_DEVICE_FAMILY = 1;
			};
			name = Release;
		};
/* End XCBuildConfiguration section */

/* Begin XCConfigurationList section */
		BAE935402343F60E008FC1CE /* Build configuration list for PBXProject "Binge" */ = {
			isa = XCConfigurationList;
			buildConfigurations = (
				BAE935572343F611008FC1CE /* Debug */,
				BAE935582343F611008FC1CE /* Release */,
			);
			defaultConfigurationIsVisible = 0;
			defaultConfigurationName = Release;
		};
		BAE935592343F611008FC1CE /* Build configuration list for PBXNativeTarget "Binge" */ = {
			isa = XCConfigurationList;
			buildConfigurations = (
				BAE9355A2343F611008FC1CE /* Debug */,
				BAE9355B2343F611008FC1CE /* Release */,
			);
			defaultConfigurationIsVisible = 0;
			defaultConfigurationName = Release;
		};
/* End XCConfigurationList section */
	};
	rootObject = BAE9353D2343F60E008FC1CE /* Project object */;
}
